
Microsoft Visual Studio Solution File, Format Version 12.00
# Visual Studio 15
VisualStudioVersion = 15.0.27004.2006
MinimumVisualStudioVersion = 10.0.40219.1
Project("{FAE04EC0-301F-11D3-BF4B-00C04F79EFBC}") = "App1.Android", "App1\App1.Android\App1.Android.csproj", "{B9FAA0EA-6E53-4AED-97AB-DFE5F418A662}"
EndProject
Project("{FAE04EC0-301F-11D3-BF4B-00C04F79EFBC}") = "App1", "App1\App1\App1.csproj", "{6F5D03BA-A83A-4721-827C-0B262020EDBC}"
EndProject
Project("{FAE04EC0-301F-11D3-BF4B-00C04F79EFBC}") = "App1.iOS", "App1\App1.iOS\App1.iOS.csproj", "{30626BEE-F8E6-4DC1-B0B5-008D53F721A9}"
EndProject
Global
	GlobalSection(SolutionConfigurationPlatforms) = preSolution
		Ad-Hoc|Any CPU = Ad-Hoc|Any CPU
		Ad-Hoc|iPhone = Ad-Hoc|iPhone
		Ad-Hoc|iPhoneSimulator = Ad-Hoc|iPhoneSimulator
		AppStore|Any CPU = AppStore|Any CPU
		AppStore|iPhone = AppStore|iPhone
		AppStore|iPhoneSimulator = AppStore|iPhoneSimulator
		Debug|Any CPU = Debug|Any CPU
		Debug|iPhone = Debug|iPhone
		Debug|iPhoneSimulator = Debug|iPhoneSimulator
		Release|Any CPU = Release|Any CPU
		Release|iPhone = Release|iPhone
		Release|iPhoneSimulator = Release|iPhoneSimulator
	EndGlobalSection
	GlobalSection(ProjectConfigurationPlatforms) = postSolution
		{B9FAA0EA-6E53-4AED-97AB-DFE5F418A662}.Ad-Hoc|Any CPU.ActiveCfg = Release|Any CPU
		{B9FAA0EA-6E53-4AED-97AB-DFE5F418A662}.Ad-Hoc|Any CPU.Build.0 = Release|Any CPU
		{B9FAA0EA-6E53-4AED-97AB-DFE5F418A662}.Ad-Hoc|Any CPU.Deploy.0 = Release|Any CPU
		{B9FAA0EA-6E53-4AED-97AB-DFE5F418A662}.Ad-Hoc|iPhone.ActiveCfg = Release|Any CPU
		{B9FAA0EA-6E53-4AED-97AB-DFE5F418A662}.Ad-Hoc|iPhone.Build.0 = Release|Any CPU
		{B9FAA0EA-6E53-4AED-97AB-DFE5F418A662}.Ad-Hoc|iPhone.Deploy.0 = Release|Any CPU
		{B9FAA0EA-6E53-4AED-97AB-DFE5F418A662}.Ad-Hoc|iPhoneSimulator.ActiveCfg = Release|Any CPU
		{B9FAA0EA-6E53-4AED-97AB-DFE5F418A662}.Ad-Hoc|iPhoneSimulator.Build.0 = Release|Any CPU
		{B9FAA0EA-6E53-4AED-97AB-DFE5F418A662}.Ad-Hoc|iPhoneSimulator.Deploy.0 = Release|Any CPU
		{B9FAA0EA-6E53-4AED-97AB-DFE5F418A662}.AppStore|Any CPU.ActiveCfg = Release|Any CPU
		{B9FAA0EA-6E53-4AED-97AB-DFE5F418A662}.AppStore|Any CPU.Build.0 = Release|Any CPU
		{B9FAA0EA-6E53-4AED-97AB-DFE5F418A662}.AppStore|Any CPU.Deploy.0 = Release|Any CPU
		{B9FAA0EA-6E53-4AED-97AB-DFE5F418A662}.AppStore|iPhone.ActiveCfg = Release|Any CPU
		{B9FAA0EA-6E53-4AED-97AB-DFE5F418A662}.AppStore|iPhone.Build.0 = Release|Any CPU
		{B9FAA0EA-6E53-4AED-97AB-DFE5F418A662}.AppStore|iPhone.Deploy.0 = Release|Any CPU
		{B9FAA0EA-6E53-4AED-97AB-DFE5F418A662}.AppStore|iPhoneSimulator.ActiveCfg = Release|Any CPU
		{B9FAA0EA-6E53-4AED-97AB-DFE5F418A662}.AppStore|iPhoneSimulator.Build.0 = Release|Any CPU
		{B9FAA0EA-6E53-4AED-97AB-DFE5F418A662}.AppStore|iPhoneSimulator.Deploy.0 = Release|Any CPU
		{B9FAA0EA-6E53-4AED-97AB-DFE5F418A662}.Debug|Any CPU.ActiveCfg = Debug|Any CPU
		{B9FAA0EA-6E53-4AED-97AB-DFE5F418A662}.Debug|Any CPU.Build.0 = Debug|Any CPU
		{B9FAA0EA-6E53-4AED-97AB-DFE5F418A662}.Debug|Any CPU.Deploy.0 = Debug|Any CPU
		{B9FAA0EA-6E53-4AED-97AB-DFE5F418A662}.Debug|iPhone.ActiveCfg = Debug|Any CPU
		{B9FAA0EA-6E53-4AED-97AB-DFE5F418A662}.Debug|iPhone.Build.0 = Debug|Any CPU
		{B9FAA0EA-6E53-4AED-97AB-DFE5F418A662}.Debug|iPhone.Deploy.0 = Debug|Any CPU
		{B9FAA0EA-6E53-4AED-97AB-DFE5F418A662}.Debug|iPhoneSimulator.ActiveCfg = Debug|Any CPU
		{B9FAA0EA-6E53-4AED-97AB-DFE5F418A662}.Debug|iPhoneSimulator.Build.0 = Debug|Any CPU
		{B9FAA0EA-6E53-4AED-97AB-DFE5F418A662}.Debug|iPhoneSimulator.Deploy.0 = Debug|Any CPU
		{B9FAA0EA-6E53-4AED-97AB-DFE5F418A662}.Release|Any CPU.ActiveCfg = Release|Any CPU
		{B9FAA0EA-6E53-4AED-97AB-DFE5F418A662}.Release|Any CPU.Build.0 = Release|Any CPU
		{B9FAA0EA-6E53-4AED-97AB-DFE5F418A662}.Release|Any CPU.Deploy.0 = Release|Any CPU
		{B9FAA0EA-6E53-4AED-97AB-DFE5F418A662}.Release|iPhone.ActiveCfg = Release|Any CPU
		{B9FAA0EA-6E53-4AED-97AB-DFE5F418A662}.Release|iPhone.Build.0 = Release|Any CPU
		{B9FAA0EA-6E53-4AED-97AB-DFE5F418A662}.Release|iPhone.Deploy.0 = Release|Any CPU
		{B9FAA0EA-6E53-4AED-97AB-DFE5F418A662}.Release|iPhoneSimulator.ActiveCfg = Release|Any CPU
		{B9FAA0EA-6E53-4AED-97AB-DFE5F418A662}.Release|iPhoneSimulator.Build.0 = Release|Any CPU
		{B9FAA0EA-6E53-4AED-97AB-DFE5F418A662}.Release|iPhoneSimulator.Deploy.0 = Release|Any CPU
		{6F5D03BA-A83A-4721-827C-0B262020EDBC}.Ad-Hoc|Any CPU.ActiveCfg = Release|Any CPU
		{6F5D03BA-A83A-4721-827C-0B262020EDBC}.Ad-Hoc|Any CPU.Build.0 = Release|Any CPU
		{6F5D03BA-A83A-4721-827C-0B262020EDBC}.Ad-Hoc|iPhone.ActiveCfg = Release|Any CPU
		{6F5D03BA-A83A-4721-827C-0B262020EDBC}.Ad-Hoc|iPhone.Build.0 = Release|Any CPU
		{6F5D03BA-A83A-4721-827C-0B262020EDBC}.Ad-Hoc|iPhoneSimulator.ActiveCfg = Release|Any CPU
		{6F5D03BA-A83A-4721-827C-0B262020EDBC}.Ad-Hoc|iPhoneSimulator.Build.0 = Release|Any CPU
		{6F5D03BA-A83A-4721-827C-0B262020EDBC}.AppStore|Any CPU.ActiveCfg = Release|Any CPU
		{6F5D03BA-A83A-4721-827C-0B262020EDBC}.AppStore|Any CPU.Build.0 = Release|Any CPU
		{6F5D03BA-A83A-4721-827C-0B262020EDBC}.AppStore|iPhone.ActiveCfg = Release|Any CPU
		{6F5D03BA-A83A-4721-827C-0B262020EDBC}.AppStore|iPhone.Build.0 = Release|Any CPU
		{6F5D03BA-A83A-4721-827C-0B262020EDBC}.AppStore|iPhoneSimulator.ActiveCfg = Release|Any CPU
		{6F5D03BA-A83A-4721-827C-0B262020EDBC}.AppStore|iPhoneSimulator.Build.0 = Release|Any CPU
		{6F5D03BA-A83A-4721-827C-0B262020EDBC}.Debug|Any CPU.ActiveCfg = Debug|Any CPU
		{6F5D03BA-A83A-4721-827C-0B262020EDBC}.Debug|Any CPU.Build.0 = Debug|Any CPU
		{6F5D03BA-A83A-4721-827C-0B262020EDBC}.Debug|iPhone.ActiveCfg = Debug|Any CPU
		{6F5D03BA-A83A-4721-827C-0B262020EDBC}.Debug|iPhone.Build.0 = Debug|Any CPU
		{6F5D03BA-A83A-4721-827C-0B262020EDBC}.Debug|iPhoneSimulator.ActiveCfg = Debug|Any CPU
		{6F5D03BA-A83A-4721-827C-0B262020EDBC}.Debug|iPhoneSimulator.Build.0 = Debug|Any CPU
		{6F5D03BA-A83A-4721-827C-0B262020EDBC}.Release|Any CPU.ActiveCfg = Release|Any CPU
		{6F5D03BA-A83A-4721-827C-0B262020EDBC}.Release|Any CPU.Build.0 = Release|Any CPU
		{6F5D03BA-A83A-4721-827C-0B262020EDBC}.Release|iPhone.ActiveCfg = Release|Any CPU
		{6F5D03BA-A83A-4721-827C-0B262020EDBC}.Release|iPhone.Build.0 = Release|Any CPU
		{6F5D03BA-A83A-4721-827C-0B262020EDBC}.Release|iPhoneSimulator.ActiveCfg = Release|Any CPU
		{6F5D03BA-A83A-4721-827C-0B262020EDBC}.Release|iPhoneSimulator.Build.0 = Release|Any CPU
		{30626BEE-F8E6-4DC1-B0B5-008D53F721A9}.Ad-Hoc|Any CPU.ActiveCfg = Ad-Hoc|iPhoneSimulator
		{30626BEE-F8E6-4DC1-B0B5-008D53F721A9}.Ad-Hoc|iPhone.ActiveCfg = Ad-Hoc|iPhone
		{30626BEE-F8E6-4DC1-B0B5-008D53F721A9}.Ad-Hoc|iPhone.Build.0 = Ad-Hoc|iPhone
		{30626BEE-F8E6-4DC1-B0B5-008D53F721A9}.Ad-Hoc|iPhoneSimulator.ActiveCfg = Ad-Hoc|iPhoneSimulator
		{30626BEE-F8E6-4DC1-B0B5-008D53F721A9}.Ad-Hoc|iPhoneSimulator.Build.0 = Ad-Hoc|iPhoneSimulator
		{30626BEE-F8E6-4DC1-B0B5-008D53F721A9}.AppStore|Any CPU.ActiveCfg = AppStore|iPhoneSimulator
		{30626BEE-F8E6-4DC1-B0B5-008D53F721A9}.AppStore|iPhone.ActiveCfg = AppStore|iPhone
		{30626BEE-F8E6-4DC1-B0B5-008D53F721A9}.AppStore|iPhone.Build.0 = AppStore|iPhone
		{30626BEE-F8E6-4DC1-B0B5-008D53F721A9}.AppStore|iPhoneSimulator.ActiveCfg = AppStore|iPhoneSimulator
		{30626BEE-F8E6-4DC1-B0B5-008D53F721A9}.AppStore|iPhoneSimulator.Build.0 = AppStore|iPhoneSimulator
		{30626BEE-F8E6-4DC1-B0B5-008D53F721A9}.Debug|Any CPU.ActiveCfg = Debug|iPhoneSimulator
		{30626BEE-F8E6-4DC1-B0B5-008D53F721A9}.Debug|iPhone.ActiveCfg = Debug|iPhone
		{30626BEE-F8E6-4DC1-B0B5-008D53F721A9}.Debug|iPhone.Build.0 = Debug|iPhone
		{30626BEE-F8E6-4DC1-B0B5-008D53F721A9}.Debug|iPhoneSimulator.ActiveCfg = Debug|iPhoneSimulator
		{30626BEE-F8E6-4DC1-B0B5-008D53F721A9}.Debug|iPhoneSimulator.Build.0 = Debug|iPhoneSimulator
		{30626BEE-F8E6-4DC1-B0B5-008D53F721A9}.Release|Any CPU.ActiveCfg = Release|iPhoneSimulator
		{30626BEE-F8E6-4DC1-B0B5-008D53F721A9}.Release|iPhone.ActiveCfg = Release|iPhone
		{30626BEE-F8E6-4DC1-B0B5-008D53F721A9}.Release|iPhone.Build.0 = Release|iPhone
		{30626BEE-F8E6-4DC1-B0B5-008D53F721A9}.Release|iPhoneSimulator.ActiveCfg = Release|iPhoneSimulator
		{30626BEE-F8E6-4DC1-B0B5-008D53F721A9}.Release|iPhoneSimulator.Build.0 = Release|iPhoneSimulator
	EndGlobalSection
	GlobalSection(SolutionProperties) = preSolution
		HideSolutionNode = FALSE
	EndGlobalSection
	GlobalSection(ExtensibilityGlobals) = postSolution
		SolutionGuid = {357A1EA8-63FB-4ED5-B5CD-C8EB66B764FE}
	EndGlobalSection
EndGlobal
